// !$*UTF8*$!
{
	archiveVersion = 1;
	classes = {
	};
	objectVersion = 50;
	objects = {

/* Begin PBXBuildFile section */
		F1894A892560ED60006FC3E6 /* AppDelegate.swift in Sources */ = {isa = PBXBuildFile; fileRef = F1894A882560ED60006FC3E6 /* AppDelegate.swift */; };
		F1894A8B2560ED60006FC3E6 /* SceneDelegate.swift in Sources */ = {isa = PBXBuildFile; fileRef = F1894A8A2560ED60006FC3E6 /* SceneDelegate.swift */; };
		F1894A8D2560ED60006FC3E6 /* ViewController.swift in Sources */ = {isa = PBXBuildFile; fileRef = F1894A8C2560ED60006FC3E6 /* ViewController.swift */; };
		F1894A902560ED60006FC3E6 /* Main.storyboard in Resources */ = {isa = PBXBuildFile; fileRef = F1894A8E2560ED60006FC3E6 /* Main.storyboard */; };
		F1894A922560ED62006FC3E6 /* Assets.xcassets in Resources */ = {isa = PBXBuildFile; fileRef = F1894A912560ED62006FC3E6 /* Assets.xcassets */; };
		F1894A952560ED62006FC3E6 /* LaunchScreen.storyboard in Resources */ = {isa = PBXBuildFile; fileRef = F1894A932560ED62006FC3E6 /* LaunchScreen.storyboard */; };
		F1894A9D2560EE6E006FC3E6 /* BackgroundGradient.swift in Sources */ = {isa = PBXBuildFile; fileRef = F1894A9C2560EE6E006FC3E6 /* BackgroundGradient.swift */; };
/* End PBXBuildFile section */

/* Begin PBXFileReference section */
		F1894A852560ED60006FC3E6 /* CSE438S-Egyptian-Rat-Tap.app */ = {isa = PBXFileReference; explicitFileType = wrapper.application; includeInIndex = 0; path = "CSE438S-Egyptian-Rat-Tap.app"; sourceTree = BUILT_PRODUCTS_DIR; };
		F1894A882560ED60006FC3E6 /* AppDelegate.swift */ = {isa = PBXFileReference; lastKnownFileType = sourcecode.swift; path = AppDelegate.swift; sourceTree = "<group>"; };
		F1894A8A2560ED60006FC3E6 /* SceneDelegate.swift */ = {isa = PBXFileReference; lastKnownFileType = sourcecode.swift; path = SceneDelegate.swift; sourceTree = "<group>"; };
		F1894A8C2560ED60006FC3E6 /* ViewController.swift */ = {isa = PBXFileReference; lastKnownFileType = sourcecode.swift; path = ViewController.swift; sourceTree = "<group>"; };
		F1894A8F2560ED60006FC3E6 /* Base */ = {isa = PBXFileReference; lastKnownFileType = file.storyboard; name = Base; path = Base.lproj/Main.storyboard; sourceTree = "<group>"; };
		F1894A912560ED62006FC3E6 /* Assets.xcassets */ = {isa = PBXFileReference; lastKnownFileType = folder.assetcatalog; path = Assets.xcassets; sourceTree = "<group>"; };
		F1894A942560ED62006FC3E6 /* Base */ = {isa = PBXFileReference; lastKnownFileType = file.storyboard; name = Base; path = Base.lproj/LaunchScreen.storyboard; sourceTree = "<group>"; };
		F1894A962560ED62006FC3E6 /* Info.plist */ = {isa = PBXFileReference; lastKnownFileType = text.plist.xml; path = Info.plist; sourceTree = "<group>"; };
		F1894A9C2560EE6E006FC3E6 /* BackgroundGradient.swift */ = {isa = PBXFileReference; lastKnownFileType = sourcecode.swift; path = BackgroundGradient.swift; sourceTree = "<group>"; };
/* End PBXFileReference section */

/* Begin PBXFrameworksBuildPhase section */
		F1894A822560ED60006FC3E6 /* Frameworks */ = {
			isa = PBXFrameworksBuildPhase;
			buildActionMask = 2147483647;
			files = (
			);
			runOnlyForDeploymentPostprocessing = 0;
		};
/* End PBXFrameworksBuildPhase section */

/* Begin PBXGroup section */
		F1894A7C2560ED60006FC3E6 = {
			isa = PBXGroup;
			children = (
				F1894A872560ED60006FC3E6 /* CSE438S-Egyptian-Rat-Tap */,
				F1894A862560ED60006FC3E6 /* Products */,
			);
			sourceTree = "<group>";
		};
		F1894A862560ED60006FC3E6 /* Products */ = {
			isa = PBXGroup;
			children = (
				F1894A852560ED60006FC3E6 /* CSE438S-Egyptian-Rat-Tap.app */,
			);
			name = Products;
			sourceTree = "<group>";
		};
		F1894A872560ED60006FC3E6 /* CSE438S-Egyptian-Rat-Tap */ = {
			isa = PBXGroup;
			children = (
				F1894A882560ED60006FC3E6 /* AppDelegate.swift */,
				F1894A8A2560ED60006FC3E6 /* SceneDelegate.swift */,
				F1894A8C2560ED60006FC3E6 /* ViewController.swift */,
				F1894A8E2560ED60006FC3E6 /* Main.storyboard */,
				F1894A9C2560EE6E006FC3E6 /* BackgroundGradient.swift */,
				F1894A912560ED62006FC3E6 /* Assets.xcassets */,
				F1894A932560ED62006FC3E6 /* LaunchScreen.storyboard */,
				F1894A962560ED62006FC3E6 /* Info.plist */,
			);
			path = "CSE438S-Egyptian-Rat-Tap";
			sourceTree = "<group>";
		};
/* End PBXGroup section */

/* Begin PBXNativeTarget section */
		F1894A842560ED60006FC3E6 /* CSE438S-Egyptian-Rat-Tap */ = {
			isa = PBXNativeTarget;
			buildConfigurationList = F1894A992560ED62006FC3E6 /* Build configuration list for PBXNativeTarget "CSE438S-Egyptian-Rat-Tap" */;
			buildPhases = (
				F1894A812560ED60006FC3E6 /* Sources */,
				F1894A822560ED60006FC3E6 /* Frameworks */,
				F1894A832560ED60006FC3E6 /* Resources */,
			);
			buildRules = (
			);
			dependencies = (
			);
			name = "CSE438S-Egyptian-Rat-Tap";
			productName = "CSE438S-Egyptian-Rat-Tap";
			productReference = F1894A852560ED60006FC3E6 /* CSE438S-Egyptian-Rat-Tap.app */;
			productType = "com.apple.product-type.application";
		};
/* End PBXNativeTarget section */

/* Begin PBXProject section */
		F1894A7D2560ED60006FC3E6 /* Project object */ = {
			isa = PBXProject;
			attributes = {
				LastSwiftUpdateCheck = 1150;
				LastUpgradeCheck = 1150;
				ORGANIZATIONNAME = "Egyptian Rat Tap";
				TargetAttributes = {
					F1894A842560ED60006FC3E6 = {
						CreatedOnToolsVersion = 11.5;
					};
				};
			};
			buildConfigurationList = F1894A802560ED60006FC3E6 /* Build configuration list for PBXProject "CSE438S-Egyptian-Rat-Tap" */;
			compatibilityVersion = "Xcode 9.3";
			developmentRegion = en;
			hasScannedForEncodings = 0;
			knownRegions = (
				en,
				Base,
			);
			mainGroup = F1894A7C2560ED60006FC3E6;
			productRefGroup = F1894A862560ED60006FC3E6 /* Products */;
			projectDirPath = "";
			projectRoot = "";
			targets = (
				F1894A842560ED60006FC3E6 /* CSE438S-Egyptian-Rat-Tap */,
			);
		};
/* End PBXProject section */

/* Begin PBXResourcesBuildPhase section */
		F1894A832560ED60006FC3E6 /* Resources */ = {
			isa = PBXResourcesBuildPhase;
			buildActionMask = 2147483647;
			files = (
				F1894A952560ED62006FC3E6 /* LaunchScreen.storyboard in Resources */,
				F1894A922560ED62006FC3E6 /* Assets.xcassets in Resources */,
				F1894A902560ED60006FC3E6 /* Main.storyboard in Resources */,
			);
			runOnlyForDeploymentPostprocessing = 0;
		};
/* End PBXResourcesBuildPhase section */

/* Begin PBXSourcesBuildPhase section */
		F1894A812560ED60006FC3E6 /* Sources */ = {
			isa = PBXSourcesBuildPhase;
			buildActionMask = 2147483647;
			files = (
				F1894A8D2560ED60006FC3E6 /* ViewController.swift in Sources */,
				F1894A9D2560EE6E006FC3E6 /* BackgroundGradient.swift in Sources */,
				F1894A892560ED60006FC3E6 /* AppDelegate.swift in Sources */,
				F1894A8B2560ED60006FC3E6 /* SceneDelegate.swift in Sources */,
			);
			runOnlyForDeploymentPostprocessing = 0;
		};
/* End PBXSourcesBuildPhase section */

/* Begin PBXVariantGroup section */
		F1894A8E2560ED60006FC3E6 /* Main.storyboard */ = {
			isa = PBXVariantGroup;
			children = (
				F1894A8F2560ED60006FC3E6 /* Base */,
			);
			name = Main.storyboard;
			sourceTree = "<group>";
		};
		F1894A932560ED62006FC3E6 /* LaunchScreen.storyboard */ = {
			isa = PBXVariantGroup;
			children = (
				F1894A942560ED62006FC3E6 /* Base */,
			);
			name = LaunchScreen.storyboard;
			sourceTree = "<group>";
		};
/* End PBXVariantGroup section */

/* Begin XCBuildConfiguration section */
		F1894A972560ED62006FC3E6 /* Debug */ = {
			isa = XCBuildConfiguration;
			buildSettings = {
				ALWAYS_SEARCH_USER_PATHS = NO;
				CLANG_ANALYZER_NONNULL = YES;
				CLANG_ANALYZER_NUMBER_OBJECT_CONVERSION = YES_AGGRESSIVE;
				CLANG_CXX_LANGUAGE_STANDARD = "gnu++14";
				CLANG_CXX_LIBRARY = "libc++";
				CLANG_ENABLE_MODULES = YES;
				CLANG_ENABLE_OBJC_ARC = YES;
				CLANG_ENABLE_OBJC_WEAK = YES;
				CLANG_WARN_BLOCK_CAPTURE_AUTORELEASING = YES;
				CLANG_WARN_BOOL_CONVERSION = YES;
				CLANG_WARN_COMMA = YES;
				CLANG_WARN_CONSTANT_CONVERSION = YES;
				CLANG_WARN_DEPRECATED_OBJC_IMPLEMENTATIONS = YES;
				CLANG_WARN_DIRECT_OBJC_ISA_USAGE = YES_ERROR;
				CLANG_WARN_DOCUMENTATION_COMMENTS = YES;
				CLANG_WARN_EMPTY_BODY = YES;
				CLANG_WARN_ENUM_CONVERSION = YES;
				CLANG_WARN_INFINITE_RECURSION = YES;
				CLANG_WARN_INT_CONVERSION = YES;
				CLANG_WARN_NON_LITERAL_NULL_CONVERSION = YES;
				CLANG_WARN_OBJC_IMPLICIT_RETAIN_SELF = YES;
				CLANG_WARN_OBJC_LITERAL_CONVERSION = YES;
				CLANG_WARN_OBJC_ROOT_CLASS = YES_ERROR;
				CLANG_WARN_RANGE_LOOP_ANALYSIS = YES;
				CLANG_WARN_STRICT_PROTOTYPES = YES;
				CLANG_WARN_SUSPICIOUS_MOVE = YES;
				CLANG_WARN_UNGUARDED_AVAILABILITY = YES_AGGRESSIVE;
				CLANG_WARN_UNREACHABLE_CODE = YES;
				CLANG_WARN__DUPLICATE_METHOD_MATCH = YES;
				COPY_PHASE_STRIP = NO;
				DEBUG_INFORMATION_FORMAT = dwarf;
				ENABLE_STRICT_OBJC_MSGSEND = YES;
				ENABLE_TESTABILITY = YES;
				GCC_C_LANGUAGE_STANDARD = gnu11;
				GCC_DYNAMIC_NO_PIC = NO;
				GCC_NO_COMMON_BLOCKS = YES;
				GCC_OPTIMIZATION_LEVEL = 0;
				GCC_PREPROCESSOR_DEFINITIONS = (
					"DEBUG=1",
					"$(inherited)",
				);
				GCC_WARN_64_TO_32_BIT_CONVERSION = YES;
				GCC_WARN_ABOUT_RETURN_TYPE = YES_ERROR;
				GCC_WARN_UNDECLARED_SELECTOR = YES;
				GCC_WARN_UNINITIALIZED_AUTOS = YES_AGGRESSIVE;
				GCC_WARN_UNUSED_FUNCTION = YES;
				GCC_WARN_UNUSED_VARIABLE = YES;
				IPHONEOS_DEPLOYMENT_TARGET = 13.5;
				MTL_ENABLE_DEBUG_INFO = INCLUDE_SOURCE;
				MTL_FAST_MATH = YES;
				ONLY_ACTIVE_ARCH = YES;
				SDKROOT = iphoneos;
				SWIFT_ACTIVE_COMPILATION_CONDITIONS = DEBUG;
				SWIFT_OPTIMIZATION_LEVEL = "-Onone";
			};
			name = Debug;
		};
		F1894A982560ED62006FC3E6 /* Release */ = {
			isa = XCBuildConfiguration;
			buildSettings = {
				ALWAYS_SEARCH_USER_PATHS = NO;
				CLANG_ANALYZER_NONNULL = YES;
				CLANG_ANALYZER_NUMBER_OBJECT_CONVERSION = YES_AGGRESSIVE;
				CLANG_CXX_LANGUAGE_STANDARD = "gnu++14";
				CLANG_CXX_LIBRARY = "libc++";
				CLANG_ENABLE_MODULES = YES;
				CLANG_ENABLE_OBJC_ARC = YES;
				CLANG_ENABLE_OBJC_WEAK = YES;
				CLANG_WARN_BLOCK_CAPTURE_AUTORELEASING = YES;
				CLANG_WARN_BOOL_CONVERSION = YES;
				CLANG_WARN_COMMA = YES;
				CLANG_WARN_CONSTANT_CONVERSION = YES;
				CLANG_WARN_DEPRECATED_OBJC_IMPLEMENTATIONS = YES;
				CLANG_WARN_DIRECT_OBJC_ISA_USAGE = YES_ERROR;
				CLANG_WARN_DOCUMENTATION_COMMENTS = YES;
				CLANG_WARN_EMPTY_BODY = YES;
				CLANG_WARN_ENUM_CONVERSION = YES;
				CLANG_WARN_INFINITE_RECURSION = YES;
				CLANG_WARN_INT_CONVERSION = YES;
				CLANG_WARN_NON_LITERAL_NULL_CONVERSION = YES;
				CLANG_WARN_OBJC_IMPLICIT_RETAIN_SELF = YES;
				CLANG_WARN_OBJC_LITERAL_CONVERSION = YES;
				CLANG_WARN_OBJC_ROOT_CLASS = YES_ERROR;
				CLANG_WARN_RANGE_LOOP_ANALYSIS = YES;
				CLANG_WARN_STRICT_PROTOTYPES = YES;
				CLANG_WARN_SUSPICIOUS_MOVE = YES;
				CLANG_WARN_UNGUARDED_AVAILABILITY = YES_AGGRESSIVE;
				CLANG_WARN_UNREACHABLE_CODE = YES;
				CLANG_WARN__DUPLICATE_METHOD_MATCH = YES;
				COPY_PHASE_STRIP = NO;
				DEBUG_INFORMATION_FORMAT = "dwarf-with-dsym";
				ENABLE_NS_ASSERTIONS = NO;
				ENABLE_STRICT_OBJC_MSGSEND = YES;
				GCC_C_LANGUAGE_STANDARD = gnu11;
				GCC_NO_COMMON_BLOCKS = YES;
				GCC_WARN_64_TO_32_BIT_CONVERSION = YES;
				GCC_WARN_ABOUT_RETURN_TYPE = YES_ERROR;
				GCC_WARN_UNDECLARED_SELECTOR = YES;
				GCC_WARN_UNINITIALIZED_AUTOS = YES_AGGRESSIVE;
				GCC_WARN_UNUSED_FUNCTION = YES;
				GCC_WARN_UNUSED_VARIABLE = YES;
				IPHONEOS_DEPLOYMENT_TARGET = 13.5;
				MTL_ENABLE_DEBUG_INFO = NO;
				MTL_FAST_MATH = YES;
				SDKROOT = iphoneos;
				SWIFT_COMPILATION_MODE = wholemodule;
				SWIFT_OPTIMIZATION_LEVEL = "-O";
				VALIDATE_PRODUCT = YES;
			};
			name = Release;
		};
		F1894A9A2560ED62006FC3E6 /* Debug */ = {
			isa = XCBuildConfiguration;
			buildSettings = {
				ASSETCATALOG_COMPILER_APPICON_NAME = AppIcon;
				CODE_SIGN_STYLE = Automatic;
				INFOPLIST_FILE = "CSE438S-Egyptian-Rat-Tap/Info.plist";
				LD_RUNPATH_SEARCH_PATHS = (
					"$(inherited)",
					"@executable_path/Frameworks",
				);
				PRODUCT_BUNDLE_IDENTIFIER = "com.isaacbock.CSE438S-Egyptian-Rat-Tap";
				PRODUCT_NAME = "$(TARGET_NAME)";
				SWIFT_VERSION = 5.0;
				TARGETED_DEVICE_FAMILY = "1,2";
			};
			name = Debug;
		};
		F1894A9B2560ED62006FC3E6 /* Release */ = {
			isa = XCBuildConfiguration;
			buildSettings = {
				ASSETCATALOG_COMPILER_APPICON_NAME = AppIcon;
				CODE_SIGN_STYLE = Automatic;
				INFOPLIST_FILE = "CSE438S-Egyptian-Rat-Tap/Info.plist";
				LD_RUNPATH_SEARCH_PATHS = (
					"$(inherited)",
					"@executable_path/Frameworks",
				);
				PRODUCT_BUNDLE_IDENTIFIER = "com.isaacbock.CSE438S-Egyptian-Rat-Tap";
				PRODUCT_NAME = "$(TARGET_NAME)";
				SWIFT_VERSION = 5.0;
				TARGETED_DEVICE_FAMILY = "1,2";
			};
			name = Release;
		};
/* End XCBuildConfiguration section */

/* Begin XCConfigurationList section */
		F1894A802560ED60006FC3E6 /* Build configuration list for PBXProject "CSE438S-Egyptian-Rat-Tap" */ = {
			isa = XCConfigurationList;
			buildConfigurations = (
				F1894A972560ED62006FC3E6 /* Debug */,
				F1894A982560ED62006FC3E6 /* Release */,
			);
			defaultConfigurationIsVisible = 0;
			defaultConfigurationName = Release;
		};
		F1894A992560ED62006FC3E6 /* Build configuration list for PBXNativeTarget "CSE438S-Egyptian-Rat-Tap" */ = {
			isa = XCConfigurationList;
			buildConfigurations = (
				F1894A9A2560ED62006FC3E6 /* Debug */,
				F1894A9B2560ED62006FC3E6 /* Release */,
			);
			defaultConfigurationIsVisible = 0;
			defaultConfigurationName = Release;
		};
/* End XCConfigurationList section */
	};
	rootObject = F1894A7D2560ED60006FC3E6 /* Project object */;
}
